
Microsoft Visual Studio Solution File, Format Version 12.00
# Visual Studio Version 17
VisualStudioVersion = 17.5.33627.172
MinimumVisualStudioVersion = 10.0.40219.1
Project("{FAE04EC0-301F-11D3-BF4B-00C04F79EFBC}") = "Esemka Esport 2023", "Esemka Esport 2023\Esemka Esport 2023.csproj", "{8337B013-BB98-462B-B036-453DFB2A4082}"
EndProject
Global
	GlobalSection(SolutionConfigurationPlatforms) = preSolution
		Debug|Any CPU = Debug|Any CPU
		Release|Any CPU = Release|Any CPU
	EndGlobalSection
	GlobalSection(ProjectConfigurationPlatforms) = postSolution
		{8337B013-BB98-462B-B036-453DFB2A4082}.Debug|Any CPU.ActiveCfg = Debug|Any CPU
		{8337B013-BB98-462B-B036-453DFB2A4082}.Debug|Any CPU.Build.0 = Debug|Any CPU
		{8337B013-BB98-462B-B036-453DFB2A4082}.Release|Any CPU.ActiveCfg = Release|Any CPU
		{8337B013-BB98-462B-B036-453DFB2A4082}.Release|Any CPU.Build.0 = Release|Any CPU
	EndGlobalSection
	GlobalSection(SolutionProperties) = preSolution
		HideSolutionNode = FALSE
	EndGlobalSection
	GlobalSection(ExtensibilityGlobals) = postSolution
		SolutionGuid = {6B3CDA3C-5A15-4035-8EF1-0516F7B19009}
	EndGlobalSection
EndGlobal
